
Microsoft Visual Studio Solution File, Format Version 12.00
# Visual Studio 2013
VisualStudioVersion = 12.0.21005.1
MinimumVisualStudioVersion = 10.0.40219.1
Project("{FAE04EC0-301F-11D3-BF4B-00C04F79EFBC}") = "BeiDream.EasyUi", "BeiDream.EasyUi\BeiDream.EasyUi.csproj", "{9D571D79-7A8F-4A9C-9166-AA960ACF97E3}"
EndProject
Project("{FAE04EC0-301F-11D3-BF4B-00C04F79EFBC}") = "Util.Json", "Util.Json\Util.Json.csproj", "{ED8E071E-AACA-4797-9AA7-7B03DAD45225}"
EndProject
Project("{FAE04EC0-301F-11D3-BF4B-00C04F79EFBC}") = "Util", "Util\Util.csproj", "{EECE9B01-394B-4B1A-964A-6D9DCEF14FA2}"
EndProject
Project("{FAE04EC0-301F-11D3-BF4B-00C04F79EFBC}") = "Util.Security", "Util.Security\Util.Security.csproj", "{A0F4B251-CCE2-4F7D-AFC1-37651D8A131F}"
EndProject
Project("{FAE04EC0-301F-11D3-BF4B-00C04F79EFBC}") = "Util.Logs.Log4", "Util.Logs.Log4\Util.Logs.Log4.csproj", "{E4F100CF-3865-4F20-A87A-33A009DAFA8C}"
EndProject
Project("{FAE04EC0-301F-11D3-BF4B-00C04F79EFBC}") = "Util.Webs.EasyUi", "Util.Webs.EasyUi\Util.Webs.EasyUi.csproj", "{194E31A3-1CE9-4CCC-B95B-412498EEDD25}"
EndProject
Project("{FAE04EC0-301F-11D3-BF4B-00C04F79EFBC}") = "Util.Webs", "Util.Webs\Util.Webs.csproj", "{767E1C43-C168-44E4-8CF1-69D001EFAA59}"
EndProject
Project("{FAE04EC0-301F-11D3-BF4B-00C04F79EFBC}") = "FluentBootstrap", "FluentBootstrap\FluentBootstrap.csproj", "{FE49CF3B-6563-447B-B94E-018B334096E4}"
EndProject
Project("{FAE04EC0-301F-11D3-BF4B-00C04F79EFBC}") = "FluentBootstrap.Mvc", "FluentBootstrap.Mvc\FluentBootstrap.Mvc.csproj", "{DC78EF6D-B139-447E-989E-562AACB4F52F}"
EndProject
Project("{FAE04EC0-301F-11D3-BF4B-00C04F79EFBC}") = "BeiDream.PetaPoco", "BeiDream.PetaPoco\BeiDream.PetaPoco.csproj", "{7C225C5A-58EE-4121-8775-158368A242B4}"
EndProject
Project("{FAE04EC0-301F-11D3-BF4B-00C04F79EFBC}") = "BeiDream.Service", "BeiDream.Service\BeiDream.Service.csproj", "{1FFCF55A-0821-4665-B2DE-499CB6910B8D}"
EndProject
Project("{FAE04EC0-301F-11D3-BF4B-00C04F79EFBC}") = "BeiDream.EF", "BeiDream.EF\BeiDream.EF.csproj", "{21AECB34-2C9F-48FB-B5C0-9776C84A6688}"
EndProject
Global
	GlobalSection(SolutionConfigurationPlatforms) = preSolution
		Debug|Any CPU = Debug|Any CPU
		Release|Any CPU = Release|Any CPU
	EndGlobalSection
	GlobalSection(ProjectConfigurationPlatforms) = postSolution
		{9D571D79-7A8F-4A9C-9166-AA960ACF97E3}.Debug|Any CPU.ActiveCfg = Debug|Any CPU
		{9D571D79-7A8F-4A9C-9166-AA960ACF97E3}.Debug|Any CPU.Build.0 = Debug|Any CPU
		{9D571D79-7A8F-4A9C-9166-AA960ACF97E3}.Release|Any CPU.ActiveCfg = Release|Any CPU
		{9D571D79-7A8F-4A9C-9166-AA960ACF97E3}.Release|Any CPU.Build.0 = Release|Any CPU
		{ED8E071E-AACA-4797-9AA7-7B03DAD45225}.Debug|Any CPU.ActiveCfg = Debug|Any CPU
		{ED8E071E-AACA-4797-9AA7-7B03DAD45225}.Debug|Any CPU.Build.0 = Debug|Any CPU
		{ED8E071E-AACA-4797-9AA7-7B03DAD45225}.Release|Any CPU.ActiveCfg = Release|Any CPU
		{ED8E071E-AACA-4797-9AA7-7B03DAD45225}.Release|Any CPU.Build.0 = Release|Any CPU
		{EECE9B01-394B-4B1A-964A-6D9DCEF14FA2}.Debug|Any CPU.ActiveCfg = Debug|Any CPU
		{EECE9B01-394B-4B1A-964A-6D9DCEF14FA2}.Debug|Any CPU.Build.0 = Debug|Any CPU
		{EECE9B01-394B-4B1A-964A-6D9DCEF14FA2}.Release|Any CPU.ActiveCfg = Release|Any CPU
		{EECE9B01-394B-4B1A-964A-6D9DCEF14FA2}.Release|Any CPU.Build.0 = Release|Any CPU
		{A0F4B251-CCE2-4F7D-AFC1-37651D8A131F}.Debug|Any CPU.ActiveCfg = Debug|Any CPU
		{A0F4B251-CCE2-4F7D-AFC1-37651D8A131F}.Debug|Any CPU.Build.0 = Debug|Any CPU
		{A0F4B251-CCE2-4F7D-AFC1-37651D8A131F}.Release|Any CPU.ActiveCfg = Release|Any CPU
		{A0F4B251-CCE2-4F7D-AFC1-37651D8A131F}.Release|Any CPU.Build.0 = Release|Any CPU
		{E4F100CF-3865-4F20-A87A-33A009DAFA8C}.Debug|Any CPU.ActiveCfg = Debug|Any CPU
		{E4F100CF-3865-4F20-A87A-33A009DAFA8C}.Debug|Any CPU.Build.0 = Debug|Any CPU
		{E4F100CF-3865-4F20-A87A-33A009DAFA8C}.Release|Any CPU.ActiveCfg = Release|Any CPU
		{E4F100CF-3865-4F20-A87A-33A009DAFA8C}.Release|Any CPU.Build.0 = Release|Any CPU
		{194E31A3-1CE9-4CCC-B95B-412498EEDD25}.Debug|Any CPU.ActiveCfg = Debug|Any CPU
		{194E31A3-1CE9-4CCC-B95B-412498EEDD25}.Debug|Any CPU.Build.0 = Debug|Any CPU
		{194E31A3-1CE9-4CCC-B95B-412498EEDD25}.Release|Any CPU.ActiveCfg = Release|Any CPU
		{194E31A3-1CE9-4CCC-B95B-412498EEDD25}.Release|Any CPU.Build.0 = Release|Any CPU
		{767E1C43-C168-44E4-8CF1-69D001EFAA59}.Debug|Any CPU.ActiveCfg = Debug|Any CPU
		{767E1C43-C168-44E4-8CF1-69D001EFAA59}.Debug|Any CPU.Build.0 = Debug|Any CPU
		{767E1C43-C168-44E4-8CF1-69D001EFAA59}.Release|Any CPU.ActiveCfg = Release|Any CPU
		{767E1C43-C168-44E4-8CF1-69D001EFAA59}.Release|Any CPU.Build.0 = Release|Any CPU
		{FE49CF3B-6563-447B-B94E-018B334096E4}.Debug|Any CPU.ActiveCfg = Debug|Any CPU
		{FE49CF3B-6563-447B-B94E-018B334096E4}.Debug|Any CPU.Build.0 = Debug|Any CPU
		{FE49CF3B-6563-447B-B94E-018B334096E4}.Release|Any CPU.ActiveCfg = Release|Any CPU
		{FE49CF3B-6563-447B-B94E-018B334096E4}.Release|Any CPU.Build.0 = Release|Any CPU
		{DC78EF6D-B139-447E-989E-562AACB4F52F}.Debug|Any CPU.ActiveCfg = Debug|Any CPU
		{DC78EF6D-B139-447E-989E-562AACB4F52F}.Debug|Any CPU.Build.0 = Debug|Any CPU
		{DC78EF6D-B139-447E-989E-562AACB4F52F}.Release|Any CPU.ActiveCfg = Release|Any CPU
		{DC78EF6D-B139-447E-989E-562AACB4F52F}.Release|Any CPU.Build.0 = Release|Any CPU
		{7C225C5A-58EE-4121-8775-158368A242B4}.Debug|Any CPU.ActiveCfg = Debug|Any CPU
		{7C225C5A-58EE-4121-8775-158368A242B4}.Debug|Any CPU.Build.0 = Debug|Any CPU
		{7C225C5A-58EE-4121-8775-158368A242B4}.Release|Any CPU.ActiveCfg = Release|Any CPU
		{7C225C5A-58EE-4121-8775-158368A242B4}.Release|Any CPU.Build.0 = Release|Any CPU
		{1FFCF55A-0821-4665-B2DE-499CB6910B8D}.Debug|Any CPU.ActiveCfg = Debug|Any CPU
		{1FFCF55A-0821-4665-B2DE-499CB6910B8D}.Debug|Any CPU.Build.0 = Debug|Any CPU
		{1FFCF55A-0821-4665-B2DE-499CB6910B8D}.Release|Any CPU.ActiveCfg = Release|Any CPU
		{1FFCF55A-0821-4665-B2DE-499CB6910B8D}.Release|Any CPU.Build.0 = Release|Any CPU
		{21AECB34-2C9F-48FB-B5C0-9776C84A6688}.Debug|Any CPU.ActiveCfg = Debug|Any CPU
		{21AECB34-2C9F-48FB-B5C0-9776C84A6688}.Debug|Any CPU.Build.0 = Debug|Any CPU
		{21AECB34-2C9F-48FB-B5C0-9776C84A6688}.Release|Any CPU.ActiveCfg = Release|Any CPU
		{21AECB34-2C9F-48FB-B5C0-9776C84A6688}.Release|Any CPU.Build.0 = Release|Any CPU
	EndGlobalSection
	GlobalSection(SolutionProperties) = preSolution
		HideSolutionNode = FALSE
	EndGlobalSection
EndGlobal
